
Microsoft Visual Studio Solution File, Format Version 12.00
# Visual Studio Version 17
VisualStudioVersion = 17.9.34723.18
MinimumVisualStudioVersion = 10.0.40219.1
Project("{FAE04EC0-301F-11D3-BF4B-00C04F79EFBC}") = "Mark4", "Mark4\Mark4.csproj", "{D011A958-2A75-475A-834E-01573AD37717}"
EndProject
Project("{FAE04EC0-301F-11D3-BF4B-00C04F79EFBC}") = "Mark4.Client", "Mark4.Client\Mark4.Client.csproj", "{3900D51A-F77C-4A0C-A1D9-E1A45C408D0E}"
EndProject
Global
	GlobalSection(SolutionConfigurationPlatforms) = preSolution
		Debug|Any CPU = Debug|Any CPU
		Release|Any CPU = Release|Any CPU
	EndGlobalSection
	GlobalSection(ProjectConfigurationPlatforms) = postSolution
		{D011A958-2A75-475A-834E-01573AD37717}.Debug|Any CPU.ActiveCfg = Debug|Any CPU
		{D011A958-2A75-475A-834E-01573AD37717}.Debug|Any CPU.Build.0 = Debug|Any CPU
		{D011A958-2A75-475A-834E-01573AD37717}.Release|Any CPU.ActiveCfg = Release|Any CPU
		{D011A958-2A75-475A-834E-01573AD37717}.Release|Any CPU.Build.0 = Release|Any CPU
		{3900D51A-F77C-4A0C-A1D9-E1A45C408D0E}.Debug|Any CPU.ActiveCfg = Debug|Any CPU
		{3900D51A-F77C-4A0C-A1D9-E1A45C408D0E}.Debug|Any CPU.Build.0 = Debug|Any CPU
		{3900D51A-F77C-4A0C-A1D9-E1A45C408D0E}.Release|Any CPU.ActiveCfg = Release|Any CPU
		{3900D51A-F77C-4A0C-A1D9-E1A45C408D0E}.Release|Any CPU.Build.0 = Release|Any CPU
	EndGlobalSection
	GlobalSection(SolutionProperties) = preSolution
		HideSolutionNode = FALSE
	EndGlobalSection
	GlobalSection(ExtensibilityGlobals) = postSolution
		SolutionGuid = {43B720AE-20D3-4BBC-BA7D-CBAD2E0B9E23}
	EndGlobalSection
EndGlobal
